
Microsoft Visual Studio Solution File, Format Version 12.00
# Visual Studio Version 16
VisualStudioVersion = 16.0.30413.136
MinimumVisualStudioVersion = 10.0.40219.1
Project("{FAE04EC0-301F-11D3-BF4B-00C04F79EFBC}") = "Lesson 2 - Scaling Using Rectangles", "Lesson 2 - Scaling Using Rectangles\Lesson 2 - Scaling Using Rectangles.csproj", "{54BBA4D2-D38B-4EC3-85FB-55D98FA4A6BF}"
EndProject
Global
	GlobalSection(SolutionConfigurationPlatforms) = preSolution
		Debug|Any CPU = Debug|Any CPU
		Release|Any CPU = Release|Any CPU
	EndGlobalSection
	GlobalSection(ProjectConfigurationPlatforms) = postSolution
		{54BBA4D2-D38B-4EC3-85FB-55D98FA4A6BF}.Debug|Any CPU.ActiveCfg = Debug|Any CPU
		{54BBA4D2-D38B-4EC3-85FB-55D98FA4A6BF}.Debug|Any CPU.Build.0 = Debug|Any CPU
		{54BBA4D2-D38B-4EC3-85FB-55D98FA4A6BF}.Release|Any CPU.ActiveCfg = Release|Any CPU
		{54BBA4D2-D38B-4EC3-85FB-55D98FA4A6BF}.Release|Any CPU.Build.0 = Release|Any CPU
	EndGlobalSection
	GlobalSection(SolutionProperties) = preSolution
		HideSolutionNode = FALSE
	EndGlobalSection
	GlobalSection(ExtensibilityGlobals) = postSolution
		SolutionGuid = {F3C4FFCA-1F17-4CB3-9F1A-6DC7F737EB9C}
	EndGlobalSection
EndGlobal
